{
  "R": {
    "Version": "3.6.1",
    "Repositories": [
      {
        "Name": "CRAN",
        "URL": "https://cran.rstudio.com"
      }
    ]
  },
  "Packages": {
    "BH": {
      "Package": "BH",
      "Version": "1.69.0-1",
      "Source": "Repository",
      "Repository": "CRAN",
      "Hash": "0fde015f5153e51df44981da0767f522"
    },
    "DBI": {
      "Package": "DBI",
      "Version": "1.0.0",
      "Source": "Repository",
      "Repository": "CRAN",
      "Hash": "2b2b6ea2111e1e57e192765d5013a3c5"
    },
    "KernSmooth": {
      "Package": "KernSmooth",
      "Version": "2.23-15",
      "Source": "Repository",
      "Repository": "CRAN",
      "Hash": "1abaf80e4ce51c982446637b6cf236bb"
    },
    "MASS": {
      "Package": "MASS",
      "Version": "7.3-51.4",
      "Source": "Repository",
      "Repository": "CRAN",
      "Hash": "a489ad42493fa9bfac8f3e3a3bc7d4ca"
    },
    "Matrix": {
      "Package": "Matrix",
      "Version": "1.2-17",
      "Source": "Repository",
      "Repository": "CRAN",
      "Hash": "a60009c832f495604f54399f21d89cc8"
    },
    "R6": {
      "Package": "R6",
      "Version": "2.4.0",
      "Source": "Repository",
      "Repository": "CRAN",
      "Hash": "92b50d943a7c76c67918c1e1beb68627"
    },
    "RColorBrewer": {
      "Package": "RColorBrewer",
      "Version": "1.1-2",
      "Source": "Repository",
      "Repository": "CRAN",
      "Hash": "f8a3bcc800d613797f1dfdf8ef4f0bfc"
    },
    "Rcpp": {
      "Package": "Rcpp",
      "Version": "1.0.2",
      "Source": "Repository",
      "Repository": "CRAN",
      "Hash": "c25fa7d5684fa7001ddfea3755243975"
    },
    "RcppEigen": {
      "Package": "RcppEigen",
      "Version": "0.3.3.5.0",
      "Source": "Repository",
      "Repository": "CRAN",
      "Hash": "b86bf100354fb8fe4a20b5689e40c7b3"
    },
    "askpass": {
      "Package": "askpass",
      "Version": "1.1",
      "Source": "Repository",
      "Repository": "CRAN",
      "Hash": "46678e19f261db289be40292d8e5d5bf"
    },
    "assertthat": {
      "Package": "assertthat",
      "Version": "0.2.1",
      "Source": "Repository",
      "Repository": "CRAN",
      "Hash": "19fb3d0ad048b4eb1a05cacffbae1f66"
    },
    "backports": {
      "Package": "backports",
      "Version": "1.1.5",
      "Source": "Repository",
      "Repository": "CRAN",
      "Hash": "dbb1e40b6f07d378cce8abc3b5fa6326"
    },
    "base64enc": {
      "Package": "base64enc",
      "Version": "0.1-3",
      "Source": "Repository",
      "Repository": "CRAN",
      "Hash": "d355963b4b1c3039bfe8d65611a11cca"
    },
    "bench": {
      "Package": "bench",
      "Version": "1.0.4",
      "Source": "Repository",
      "Repository": "CRAN",
      "Hash": "cec8e94b85ffb90e79d0fc8280880671"
    },
    "class": {
      "Package": "class",
      "Version": "7.3-15",
      "Source": "Repository",
      "Repository": "CRAN",
      "Hash": "4878ea322bdd292b96affa71fd4332bd"
    },
    "classInt": {
      "Package": "classInt",
      "Version": "0.4-2",
      "Source": "Repository",
      "Repository": "CRAN",
      "Hash": "b13e3f4ab31a97cec2e0aaa7e7a41898"
    },
    "cli": {
      "Package": "cli",
      "Version": "1.1.0",
      "Source": "Repository",
      "Repository": "CRAN",
      "Hash": "9b3dc7798f53ba3050b41ce4a3febdc5"
    },
    "clipr": {
      "Package": "clipr",
      "Version": "0.7.0",
      "Source": "Repository",
      "Repository": "CRAN",
      "Hash": "9a99b54d2baf9393d0a68b6ea9513ee6"
    },
    "colorspace": {
      "Package": "colorspace",
      "Version": "1.4-1",
      "Source": "Repository",
      "Repository": "CRAN",
      "Hash": "c25d49739abb6ebf4b3d0c3565574226"
    },
    "crayon": {
      "Package": "crayon",
      "Version": "1.3.4",
      "Source": "Repository",
      "Repository": "CRAN",
      "Hash": "d308ead32010b8e4d76c4690427da50b"
    },
    "curl": {
      "Package": "curl",
      "Version": "4.2",
      "Source": "Repository",
      "Repository": "CRAN",
      "Hash": "63410438360944341b6bba487340a466"
    },
    "digest": {
      "Package": "digest",
      "Version": "0.6.22",
      "Source": "Repository",
      "Repository": "CRAN",
      "Hash": "7ef357c9b4684d2183f105c27925e1d8"
    },
    "dplyr": {
      "Package": "dplyr",
      "Version": "0.8.3",
      "Source": "Repository",
      "Repository": "CRAN",
      "Hash": "17783831e1e918ab250dcae5dd9c6e03"
    },
    "e1071": {
      "Package": "e1071",
      "Version": "1.7-2",
      "Source": "Repository",
      "Repository": "CRAN",
      "Hash": "d3ad43735411ce3b5e3778e791991beb"
    },
    "ellipsis": {
      "Package": "ellipsis",
      "Version": "0.3.0",
      "Source": "Repository",
      "Repository": "CRAN",
      "Hash": "d9e858795a1a4ebfe6960e4514449d40"
    },
    "fansi": {
      "Package": "fansi",
      "Version": "0.4.0",
      "Source": "Repository",
      "Repository": "CRAN",
      "Hash": "cd87b0162287f0da225edfaa2fd3a20c"
    },
    "farver": {
      "Package": "farver",
      "Version": "1.1.0",
      "Source": "Repository",
      "Repository": "CRAN",
      "Hash": "d9bf0922f00c345bef1559e9cfc0846b"
    },
    "ggforce": {
      "Package": "ggforce",
      "Version": "0.3.1",
      "Source": "Repository",
      "Repository": "CRAN",
      "Hash": "67e9ac060ad52a3be4c5be8ca8a428e6"
    },
    "ggplot2": {
      "Package": "ggplot2",
      "Version": "3.2.1",
      "Source": "Repository",
      "Repository": "CRAN",
      "Hash": "635db021d29f3523c4f88e82d0c01c5e"
    },
    "glue": {
      "Package": "glue",
      "Version": "1.3.1",
      "Source": "Repository",
      "Repository": "CRAN",
      "Hash": "e8436e647719b7c9d01409767cd88cc8"
    },
    "gtable": {
      "Package": "gtable",
      "Version": "0.3.0",
      "Source": "Repository",
      "Repository": "CRAN",
      "Hash": "6a58b2980a57345822ec5f9c7d2d1751"
    },
    "hms": {
      "Package": "hms",
      "Version": "0.5.1",
      "Source": "Repository",
      "Repository": "CRAN",
      "Hash": "5c9cbb0d6f49109be1a771d963801847"
    },
    "httr": {
      "Package": "httr",
      "Version": "1.4.1",
      "Source": "Repository",
      "Repository": "CRAN",
      "Hash": "5dbd937df2ed15043fd4b49e1e217030"
    },
    "janitor": {
      "Package": "janitor",
      "Version": "1.2.0",
      "Source": "Repository",
      "Repository": "CRAN",
      "Hash": "e1310d9b920ef337ec2ecd8d73b21f0d"
    },
    "jmastats": {
      "Package": "jmastats",
      "Version": "0.0.0.9000",
      "Source": "GitLab",
      "RemoteType": "gitlab",
      "RemoteHost": "gitlab.com",
      "RemoteUsername": "uribo",
      "RemoteRepo": "jmastats",
      "RemoteRef": "master",
      "Hash": "4ed91863e191a5f0f852f74aabae5d6a"
    },
    "jsonlite": {
      "Package": "jsonlite",
      "Version": "1.6",
      "Source": "Repository",
      "Repository": "CRAN",
      "Hash": "b7e67b6a7bc2fdae729c0f3ff9026a8a"
    },
    "labeling": {
      "Package": "labeling",
      "Version": "0.3",
      "Source": "Repository",
      "Repository": "CRAN",
      "Hash": "e1f613894f080d1eee41c34b281a2184"
    },
    "lattice": {
      "Package": "lattice",
      "Version": "0.20-38",
      "Source": "Repository",
      "Repository": "CRAN",
      "Hash": "6f7aa123115b33bc9ad1ca800874b1de"
    },
    "lazyeval": {
      "Package": "lazyeval",
      "Version": "0.2.2",
      "Source": "Repository",
      "Repository": "CRAN",
      "Hash": "d2f5e98b8b7ae633e252830c3243c2ab"
    },
    "lifecycle": {
      "Package": "lifecycle",
      "Version": "0.1.0",
      "Source": "Repository",
      "Repository": "CRAN",
      "Hash": "670a552ae202a4f69e2e644f524dfffd"
    },
    "lubridate": {
      "Package": "lubridate",
      "Version": "1.7.4",
      "Source": "Repository",
      "Repository": "CRAN",
      "Hash": "d55fdb3732a8f047e49b86064dd78984"
    },
    "magrittr": {
      "Package": "magrittr",
      "Version": "1.5",
      "Source": "Repository",
      "Repository": "CRAN",
      "Hash": "dee1d97cffddfd3ed969e224bd0826d0"
    },
    "mgcv": {
      "Package": "mgcv",
      "Version": "1.8-29",
      "Source": "Repository",
      "Repository": "CRAN",
      "Hash": "3d19f03b6ca6c8c49619f98d21c7dd4b"
    },
    "mime": {
      "Package": "mime",
      "Version": "0.7",
      "Source": "Repository",
      "Repository": "CRAN",
      "Hash": "908d95ccbfd1dd274073ef07a7c93934"
    },
    "munsell": {
      "Package": "munsell",
      "Version": "0.5.0",
      "Source": "Repository",
      "Repository": "CRAN",
      "Hash": "9111af6c6dec65538ebd3de6c0bae864"
    },
    "nlme": {
      "Package": "nlme",
      "Version": "3.1-141",
      "Source": "Repository",
      "Repository": "CRAN",
      "Hash": "be8db89838a17117a4083e72350443e0"
    },
    "openssl": {
      "Package": "openssl",
      "Version": "1.4.1",
      "Source": "Repository",
      "Repository": "CRAN",
      "Hash": "6c438de366d5693238d1c400deb66cb6"
    },
    "pillar": {
      "Package": "pillar",
      "Version": "1.4.2",
      "Source": "Repository",
      "Repository": "CRAN",
      "Hash": "57645ff795277554eee14df5bcee8025"
    },
    "pins": {
      "Package": "pins",
      "Version": "0.2.0",
      "Source": "Repository",
      "Repository": "CRAN",
      "Hash": "f63942c274bc25cbb0b375f64721302f"
    },
    "pkgconfig": {
      "Package": "pkgconfig",
      "Version": "2.0.3",
      "Source": "Repository",
      "Repository": "CRAN",
      "Hash": "587295d4cdb937d4e3cf19bd46829326"
    },
    "plogr": {
      "Package": "plogr",
      "Version": "0.2.0",
      "Source": "Repository",
      "Repository": "CRAN",
      "Hash": "1a8304cc1382ef64e3b710ba589d7bc0"
    },
    "plyr": {
      "Package": "plyr",
      "Version": "1.8.4",
      "Source": "Repository",
      "Repository": "CRAN",
      "Hash": "37dd0f3aadee2ac99e47168f4bffddb7"
    },
    "polyclip": {
      "Package": "polyclip",
      "Version": "1.10-0",
      "Source": "Repository",
      "Repository": "CRAN",
      "Hash": "16b33ad02d2d189ec057cfd731da86a6"
    },
    "profmem": {
      "Package": "profmem",
      "Version": "0.5.0",
      "Source": "Repository",
      "Repository": "CRAN",
      "Hash": "768155d66c5b0fa59a44e32364342e25"
    },
    "purrr": {
      "Package": "purrr",
      "Version": "0.3.3",
      "Source": "Repository",
      "Repository": "CRAN",
      "Hash": "b174d35f8cfb40b0c0b66d2bb0bc4224"
    },
    "rappdirs": {
      "Package": "rappdirs",
      "Version": "0.3.1",
      "Source": "Repository",
      "Repository": "CRAN",
      "Hash": "5bc532ab747c4d7c8b753ca9b7faee8d"
    },
    "readr": {
      "Package": "readr",
      "Version": "1.3.1",
      "Source": "Repository",
      "Repository": "CRAN",
      "Hash": "60167b7ec3de99e76ff406aaf0f83bb4"
    },
    "renv": {
      "Package": "renv",
      "Version": "0.7.1-28",
      "Source": "GitHub",
      "RemoteType": "github",
      "RemoteHost": "api.github.com",
      "RemoteRepo": "renv",
      "RemoteUsername": "rstudio",
      "RemoteRef": "master",
      "RemoteSha": "d9ac005031985ec5f01c24d01275d21b7f9fddd2",
      "Hash": "31ff521a10be9889441c1812ed06de0d"
    },
    "reshape2": {
      "Package": "reshape2",
      "Version": "1.4.3",
      "Source": "Repository",
      "Repository": "CRAN",
      "Hash": "ac685130d1a25e3f6470960fd29c5693"
    },
    "rlang": {
      "Package": "rlang",
      "Version": "0.4.1",
      "Source": "Repository",
      "Repository": "CRAN",
      "Hash": "3be3097a603e8a51dae89c372b920f97"
    },
    "rstudioapi": {
      "Package": "rstudioapi",
      "Version": "0.10",
      "Source": "Repository",
      "Repository": "CRAN",
      "RemoteType": "standard",
      "RemoteRef": "rstudioapi",
      "RemoteRepos": "https://cran.rstudio.com",
      "RemoteSha": "0.10",
      "Hash": "04552808fd065fdf0fec7bad340eb83c"
    },
    "rvest": {
      "Package": "rvest",
      "Version": "0.3.4",
      "Source": "Repository",
      "Repository": "CRAN",
      "Hash": "76bb112bc3833454dc701230aa9cb3ed"
    },
    "scales": {
      "Package": "scales",
      "Version": "1.0.0",
      "Source": "Repository",
      "Repository": "CRAN",
      "Hash": "a96e9571cd875b7b934990d85b7a3c18"
    },
    "selectr": {
      "Package": "selectr",
      "Version": "0.4-1",
      "Source": "Repository",
      "Repository": "CRAN",
      "Hash": "40ccee5dc2b97e197648525aefcfd0ba"
    },
    "sf": {
      "Package": "sf",
      "Version": "0.8-0",
      "Source": "GitHub",
      "RemoteType": "github",
      "RemoteHost": "api.github.com",
      "RemoteUsername": "r-spatial",
      "RemoteRepo": "sf",
      "RemoteRef": "master",
      "RemoteSha": "3dd87621ca42a8fc18ff84b4698668466aae7a1e",
      "Hash": "e6f9ca06ddfcb7c4f616ac4a7aab656b"
    },
    "snakecase": {
      "Package": "snakecase",
      "Version": "0.11.0",
      "Source": "Repository",
      "Repository": "CRAN",
      "Hash": "5c861a2766fb272f515b7704dcbe08d6"
    },
    "stringi": {
      "Package": "stringi",
      "Version": "1.4.3",
      "Source": "Repository",
      "Repository": "CRAN",
      "Hash": "113506f116db9dd5bd1caf46884e0647"
    },
    "stringr": {
      "Package": "stringr",
      "Version": "1.4.0",
      "Source": "Repository",
      "Repository": "CRAN",
      "Hash": "41d6310ad18bd019a203d7adc496a28b"
    },
    "sys": {
      "Package": "sys",
      "Version": "3.3",
      "Source": "Repository",
      "Repository": "CRAN",
      "Hash": "9ecf6bee5958b8977bd1db3131978a71"
    },
    "tibble": {
      "Package": "tibble",
      "Version": "2.1.3",
      "Source": "Repository",
      "Repository": "CRAN",
      "Hash": "a8d41bd284e21ab7e776d228dc5bac91"
    },
    "tidyr": {
      "Package": "tidyr",
      "Version": "1.0.0",
      "Source": "Repository",
      "Repository": "CRAN",
      "Hash": "8b597bb9db2885612b6bafbc2f83bd08"
    },
    "tidyselect": {
      "Package": "tidyselect",
      "Version": "0.2.5",
      "Source": "Repository",
      "Repository": "CRAN",
      "Hash": "dc3fcbc21f04b293e0794e24982cf357"
    },
    "tweenr": {
      "Package": "tweenr",
      "Version": "1.0.1",
      "Source": "Repository",
      "Repository": "CRAN",
      "Hash": "058315498c8c88670cbdf61bcbd71bbb"
    },
    "units": {
      "Package": "units",
      "Version": "0.6-5",
      "Source": "Repository",
      "Repository": "CRAN",
      "Hash": "194e118b972a32f95ed36ad474836a3c"
    },
    "utf8": {
      "Package": "utf8",
      "Version": "1.1.4",
      "Source": "Repository",
      "Repository": "CRAN",
      "Hash": "3f1a5a5b184f63379f8e6c08d5036c53"
    },
    "vctrs": {
      "Package": "vctrs",
      "Version": "0.2.0",
      "Source": "Repository",
      "Repository": "CRAN",
      "Hash": "4bdc6a6c4c5a434d880b73817d4ea641"
    },
    "viridisLite": {
      "Package": "viridisLite",
      "Version": "0.3.0",
      "Source": "Repository",
      "Repository": "CRAN",
      "Hash": "1f264fa42320c4f44b1689d89101e823"
    },
    "withr": {
      "Package": "withr",
      "Version": "2.1.2",
      "Source": "Repository",
      "Repository": "CRAN",
      "Hash": "7c9aef08038f47e6c1532ed574a0e087"
    },
    "xml2": {
      "Package": "xml2",
      "Version": "1.2.2",
      "Source": "Repository",
      "Repository": "CRAN",
      "RemoteType": "standard",
      "RemoteRef": "xml2",
      "RemoteRepos": "https://cran.rstudio.com",
      "RemoteSha": "1.2.2",
      "Hash": "22fa8b694a7ffcec094bfb94a405595d"
    },
    "yaml": {
      "Package": "yaml",
      "Version": "2.2.0",
      "Source": "Repository",
      "Repository": "CRAN",
      "Hash": "3a313c96061c4ac790de611dc57ebd1f"
    },
    "zeallot": {
      "Package": "zeallot",
      "Version": "0.1.0",
      "Source": "Repository",
      "Repository": "CRAN",
      "Hash": "45d65588b02d47970fc84adecb2ee664"
    },
    "zip": {
      "Package": "zip",
      "Version": "2.0.4",
      "Source": "Repository",
      "Repository": "CRAN",
      "Hash": "46b867331ae12e0a3f5b7942cfac16ba"
    }
  }
}
